Microsoft Visual Studio Solution File, Format Version 12.00
# Visual Studio Version 17
VisualStudioVersion = 17.5.2.0
MinimumVisualStudioVersion = 10.0.40219.1
Project("{FAE04EC0-301F-11D3-BF4B-00C04F79EFBC}") = "DeltalyDrainStaminaMeter", "DeltalyDrainStaminaMeter.csproj", "{120AFB76-1342-3355-2499-506550630A08}"
EndProject
Global
	GlobalSection(SolutionConfigurationPlatforms) = preSolution
		Debug|Any CPU = Debug|Any CPU
		Release|Any CPU = Release|Any CPU
	EndGlobalSection
	GlobalSection(ProjectConfigurationPlatforms) = postSolution
		{120AFB76-1342-3355-2499-506550630A08}.Debug|Any CPU.ActiveCfg = Debug|Any CPU
		{120AFB76-1342-3355-2499-506550630A08}.Debug|Any CPU.Build.0 = Debug|Any CPU
		{120AFB76-1342-3355-2499-506550630A08}.Release|Any CPU.ActiveCfg = Release|Any CPU
		{120AFB76-1342-3355-2499-506550630A08}.Release|Any CPU.Build.0 = Release|Any CPU
	EndGlobalSection
	GlobalSection(SolutionProperties) = preSolution
		HideSolutionNode = FALSE
	EndGlobalSection
	GlobalSection(ExtensibilityGlobals) = postSolution
		SolutionGuid = {D8081335-29DE-4CC1-BFEF-7F05D77D0927}
	EndGlobalSection
EndGlobal
